
Microsoft Visual Studio Solution File, Format Version 12.00
# Visual Studio Version 17
VisualStudioVersion = 17.7.34018.315
MinimumVisualStudioVersion = 10.0.40219.1
Project("{FAE04EC0-301F-11D3-BF4B-00C04F79EFBC}") = "MathQuizTimer", "MathQuizTimer.csproj", "{655830E0-AA3B-4D73-B35D-38DEB40A67CB}"
EndProject
Global
	GlobalSection(SolutionConfigurationPlatforms) = preSolution
		Debug|Any CPU = Debug|Any CPU
		Release|Any CPU = Release|Any CPU
	EndGlobalSection
	GlobalSection(ProjectConfigurationPlatforms) = postSolution
		{655830E0-AA3B-4D73-B35D-38DEB40A67CB}.Debug|Any CPU.ActiveCfg = Debug|Any CPU
		{655830E0-AA3B-4D73-B35D-38DEB40A67CB}.Debug|Any CPU.Build.0 = Debug|Any CPU
		{655830E0-AA3B-4D73-B35D-38DEB40A67CB}.Release|Any CPU.ActiveCfg = Release|Any CPU
		{655830E0-AA3B-4D73-B35D-38DEB40A67CB}.Release|Any CPU.Build.0 = Release|Any CPU
	EndGlobalSection
	GlobalSection(SolutionProperties) = preSolution
		HideSolutionNode = FALSE
	EndGlobalSection
	GlobalSection(ExtensibilityGlobals) = postSolution
		SolutionGuid = {8236FCC0-A665-4275-BB25-AF766FA66A6E}
	EndGlobalSection
EndGlobal
