
Microsoft Visual Studio Solution File, Format Version 12.00
# Visual Studio Version 17
VisualStudioVersion = 17.7.34018.315
MinimumVisualStudioVersion = 10.0.40219.1
Project("{FAE04EC0-301F-11D3-BF4B-00C04F79EFBC}") = "PhoneUML", "PhoneUML.csproj", "{BA66A9D9-4238-4E40-802C-694C6F2CAA2A}"
EndProject
Global
	GlobalSection(SolutionConfigurationPlatforms) = preSolution
		Debug|Any CPU = Debug|Any CPU
		Release|Any CPU = Release|Any CPU
	EndGlobalSection
	GlobalSection(ProjectConfigurationPlatforms) = postSolution
		{BA66A9D9-4238-4E40-802C-694C6F2CAA2A}.Debug|Any CPU.ActiveCfg = Debug|Any CPU
		{BA66A9D9-4238-4E40-802C-694C6F2CAA2A}.Debug|Any CPU.Build.0 = Debug|Any CPU
		{BA66A9D9-4238-4E40-802C-694C6F2CAA2A}.Release|Any CPU.ActiveCfg = Release|Any CPU
		{BA66A9D9-4238-4E40-802C-694C6F2CAA2A}.Release|Any CPU.Build.0 = Release|Any CPU
	EndGlobalSection
	GlobalSection(SolutionProperties) = preSolution
		HideSolutionNode = FALSE
	EndGlobalSection
	GlobalSection(ExtensibilityGlobals) = postSolution
		SolutionGuid = {C3F10F6A-6546-4FA9-87F8-C220A89647DB}
	EndGlobalSection
EndGlobal
