
Microsoft Visual Studio Solution File, Format Version 12.00
# Visual Studio Version 17
VisualStudioVersion = 17.7.34018.315
MinimumVisualStudioVersion = 10.0.40219.1
Project("{FAE04EC0-301F-11D3-BF4B-00C04F79EFBC}") = "424DoubleBogey", "424DoubleBogey.csproj", "{457E08E0-5151-4267-87E6-1A9CB4692E45}"
EndProject
Global
	GlobalSection(SolutionConfigurationPlatforms) = preSolution
		Debug|Any CPU = Debug|Any CPU
		Release|Any CPU = Release|Any CPU
	EndGlobalSection
	GlobalSection(ProjectConfigurationPlatforms) = postSolution
		{457E08E0-5151-4267-87E6-1A9CB4692E45}.Debug|Any CPU.ActiveCfg = Debug|Any CPU
		{457E08E0-5151-4267-87E6-1A9CB4692E45}.Debug|Any CPU.Build.0 = Debug|Any CPU
		{457E08E0-5151-4267-87E6-1A9CB4692E45}.Release|Any CPU.ActiveCfg = Release|Any CPU
		{457E08E0-5151-4267-87E6-1A9CB4692E45}.Release|Any CPU.Build.0 = Release|Any CPU
	EndGlobalSection
	GlobalSection(SolutionProperties) = preSolution
		HideSolutionNode = FALSE
	EndGlobalSection
	GlobalSection(ExtensibilityGlobals) = postSolution
		SolutionGuid = {278219D7-B3F3-47F5-9570-10213F07E6F9}
	EndGlobalSection
EndGlobal
