
Microsoft Visual Studio Solution File, Format Version 12.00
# Visual Studio Version 17
VisualStudioVersion = 17.7.34018.315
MinimumVisualStudioVersion = 10.0.40219.1
Project("{FAE04EC0-301F-11D3-BF4B-00C04F79EFBC}") = "Salary Struct", "Salary Struct.csproj", "{274284C4-26C0-4C1D-AAD7-8759333AB11D}"
EndProject
Global
	GlobalSection(SolutionConfigurationPlatforms) = preSolution
		Debug|Any CPU = Debug|Any CPU
		Release|Any CPU = Release|Any CPU
	EndGlobalSection
	GlobalSection(ProjectConfigurationPlatforms) = postSolution
		{274284C4-26C0-4C1D-AAD7-8759333AB11D}.Debug|Any CPU.ActiveCfg = Debug|Any CPU
		{274284C4-26C0-4C1D-AAD7-8759333AB11D}.Debug|Any CPU.Build.0 = Debug|Any CPU
		{274284C4-26C0-4C1D-AAD7-8759333AB11D}.Release|Any CPU.ActiveCfg = Release|Any CPU
		{274284C4-26C0-4C1D-AAD7-8759333AB11D}.Release|Any CPU.Build.0 = Release|Any CPU
	EndGlobalSection
	GlobalSection(SolutionProperties) = preSolution
		HideSolutionNode = FALSE
	EndGlobalSection
	GlobalSection(ExtensibilityGlobals) = postSolution
		SolutionGuid = {41B4921C-D2C8-4AE9-84CF-0903FDF533B4}
	EndGlobalSection
EndGlobal
