
Microsoft Visual Studio Solution File, Format Version 12.00
# Visual Studio Version 17
VisualStudioVersion = 17.7.34018.315
MinimumVisualStudioVersion = 10.0.40219.1
Project("{FAE04EC0-301F-11D3-BF4B-00C04F79EFBC}") = "WordOrdering", "WordOrdering.csproj", "{DFBE4090-3D46-4107-965E-7D5CBC4F5EAD}"
EndProject
Global
	GlobalSection(SolutionConfigurationPlatforms) = preSolution
		Debug|Any CPU = Debug|Any CPU
		Release|Any CPU = Release|Any CPU
	EndGlobalSection
	GlobalSection(ProjectConfigurationPlatforms) = postSolution
		{DFBE4090-3D46-4107-965E-7D5CBC4F5EAD}.Debug|Any CPU.ActiveCfg = Debug|Any CPU
		{DFBE4090-3D46-4107-965E-7D5CBC4F5EAD}.Debug|Any CPU.Build.0 = Debug|Any CPU
		{DFBE4090-3D46-4107-965E-7D5CBC4F5EAD}.Release|Any CPU.ActiveCfg = Release|Any CPU
		{DFBE4090-3D46-4107-965E-7D5CBC4F5EAD}.Release|Any CPU.Build.0 = Release|Any CPU
	EndGlobalSection
	GlobalSection(SolutionProperties) = preSolution
		HideSolutionNode = FALSE
	EndGlobalSection
	GlobalSection(ExtensibilityGlobals) = postSolution
		SolutionGuid = {FE4DA308-7877-4C10-AFDB-3D45E3DC1D94}
	EndGlobalSection
EndGlobal
