
Microsoft Visual Studio Solution File, Format Version 12.00
# Visual Studio Version 17
VisualStudioVersion = 17.7.34018.315
MinimumVisualStudioVersion = 10.0.40219.1
Project("{FAE04EC0-301F-11D3-BF4B-00C04F79EFBC}") = "salary", "salary.csproj", "{CDAEDE6C-0C39-4957-91C7-F19F206A1447}"
EndProject
Global
	GlobalSection(SolutionConfigurationPlatforms) = preSolution
		Debug|Any CPU = Debug|Any CPU
		Release|Any CPU = Release|Any CPU
	EndGlobalSection
	GlobalSection(ProjectConfigurationPlatforms) = postSolution
		{CDAEDE6C-0C39-4957-91C7-F19F206A1447}.Debug|Any CPU.ActiveCfg = Debug|Any CPU
		{CDAEDE6C-0C39-4957-91C7-F19F206A1447}.Debug|Any CPU.Build.0 = Debug|Any CPU
		{CDAEDE6C-0C39-4957-91C7-F19F206A1447}.Release|Any CPU.ActiveCfg = Release|Any CPU
		{CDAEDE6C-0C39-4957-91C7-F19F206A1447}.Release|Any CPU.Build.0 = Release|Any CPU
	EndGlobalSection
	GlobalSection(SolutionProperties) = preSolution
		HideSolutionNode = FALSE
	EndGlobalSection
	GlobalSection(ExtensibilityGlobals) = postSolution
		SolutionGuid = {64503880-4B5C-4363-94F5-EA9D85F4D957}
	EndGlobalSection
EndGlobal
