
Microsoft Visual Studio Solution File, Format Version 12.00
# Visual Studio Version 17
VisualStudioVersion = 17.7.34018.315
MinimumVisualStudioVersion = 10.0.40219.1
Project("{FAE04EC0-301F-11D3-BF4B-00C04F79EFBC}") = "PeopleApp", "PeopleApp.csproj", "{1A269C6C-2B99-4345-BCD1-9C2F5F19BDB3}"
	ProjectSection(ProjectDependencies) = postProject
		{D0398C3C-4885-40A8-84A2-72D8C4B65241} = {D0398C3C-4885-40A8-84A2-72D8C4B65241}
	EndProjectSection
EndProject
Project("{FAE04EC0-301F-11D3-BF4B-00C04F79EFBC}") = "PeopleLib", "..\PeopleLib\PeopleLib.csproj", "{D0398C3C-4885-40A8-84A2-72D8C4B65241}"
EndProject
Global
	GlobalSection(SolutionConfigurationPlatforms) = preSolution
		Debug|Any CPU = Debug|Any CPU
		Release|Any CPU = Release|Any CPU
	EndGlobalSection
	GlobalSection(ProjectConfigurationPlatforms) = postSolution
		{1A269C6C-2B99-4345-BCD1-9C2F5F19BDB3}.Debug|Any CPU.ActiveCfg = Debug|Any CPU
		{1A269C6C-2B99-4345-BCD1-9C2F5F19BDB3}.Debug|Any CPU.Build.0 = Debug|Any CPU
		{1A269C6C-2B99-4345-BCD1-9C2F5F19BDB3}.Release|Any CPU.ActiveCfg = Release|Any CPU
		{1A269C6C-2B99-4345-BCD1-9C2F5F19BDB3}.Release|Any CPU.Build.0 = Release|Any CPU
		{D0398C3C-4885-40A8-84A2-72D8C4B65241}.Debug|Any CPU.ActiveCfg = Debug|Any CPU
		{D0398C3C-4885-40A8-84A2-72D8C4B65241}.Debug|Any CPU.Build.0 = Debug|Any CPU
		{D0398C3C-4885-40A8-84A2-72D8C4B65241}.Release|Any CPU.ActiveCfg = Release|Any CPU
		{D0398C3C-4885-40A8-84A2-72D8C4B65241}.Release|Any CPU.Build.0 = Release|Any CPU
	EndGlobalSection
	GlobalSection(SolutionProperties) = preSolution
		HideSolutionNode = FALSE
	EndGlobalSection
	GlobalSection(ExtensibilityGlobals) = postSolution
		SolutionGuid = {45213AD0-F06F-41C2-A7D8-0D06A8B8E8DD}
	EndGlobalSection
EndGlobal
