
Microsoft Visual Studio Solution File, Format Version 12.00
# Visual Studio Version 17
VisualStudioVersion = 17.7.34221.43
MinimumVisualStudioVersion = 10.0.40219.1
Project("{FAE04EC0-301F-11D3-BF4B-00C04F79EFBC}") = "MyStackClass", "MyStackClass\MyStackClass.csproj", "{1449CC99-1727-4932-A677-C7B0A6846EB5}"
EndProject
Global
	GlobalSection(SolutionConfigurationPlatforms) = preSolution
		Debug|Any CPU = Debug|Any CPU
		Release|Any CPU = Release|Any CPU
	EndGlobalSection
	GlobalSection(ProjectConfigurationPlatforms) = postSolution
		{1449CC99-1727-4932-A677-C7B0A6846EB5}.Debug|Any CPU.ActiveCfg = Debug|Any CPU
		{1449CC99-1727-4932-A677-C7B0A6846EB5}.Debug|Any CPU.Build.0 = Debug|Any CPU
		{1449CC99-1727-4932-A677-C7B0A6846EB5}.Release|Any CPU.ActiveCfg = Release|Any CPU
		{1449CC99-1727-4932-A677-C7B0A6846EB5}.Release|Any CPU.Build.0 = Release|Any CPU
	EndGlobalSection
	GlobalSection(SolutionProperties) = preSolution
		HideSolutionNode = FALSE
	EndGlobalSection
	GlobalSection(ExtensibilityGlobals) = postSolution
		SolutionGuid = {38ADCFFA-9E54-49F7-9849-8AD4AC81D3B7}
	EndGlobalSection
EndGlobal
