
Microsoft Visual Studio Solution File, Format Version 12.00
# Visual Studio Version 17
VisualStudioVersion = 17.7.34018.315
MinimumVisualStudioVersion = 10.0.40219.1
Project("{FAE04EC0-301F-11D3-BF4B-00C04F79EFBC}") = "Hobbies", "Hobbies.csproj", "{D0807791-C026-496A-A283-26E834E45B0B}"
EndProject
Global
	GlobalSection(SolutionConfigurationPlatforms) = preSolution
		Debug|Any CPU = Debug|Any CPU
		Release|Any CPU = Release|Any CPU
	EndGlobalSection
	GlobalSection(ProjectConfigurationPlatforms) = postSolution
		{D0807791-C026-496A-A283-26E834E45B0B}.Debug|Any CPU.ActiveCfg = Debug|Any CPU
		{D0807791-C026-496A-A283-26E834E45B0B}.Debug|Any CPU.Build.0 = Debug|Any CPU
		{D0807791-C026-496A-A283-26E834E45B0B}.Release|Any CPU.ActiveCfg = Release|Any CPU
		{D0807791-C026-496A-A283-26E834E45B0B}.Release|Any CPU.Build.0 = Release|Any CPU
	EndGlobalSection
	GlobalSection(SolutionProperties) = preSolution
		HideSolutionNode = FALSE
	EndGlobalSection
	GlobalSection(ExtensibilityGlobals) = postSolution
		SolutionGuid = {17BD5854-A529-4896-98CA-65E52A69EA8E}
	EndGlobalSection
EndGlobal
