
Microsoft Visual Studio Solution File, Format Version 12.00
# Visual Studio Version 17
VisualStudioVersion = 17.7.34018.315
MinimumVisualStudioVersion = 10.0.40219.1
Project("{FAE04EC0-301F-11D3-BF4B-00C04F79EFBC}") = "MathQuiz", "MathQuiz.csproj", "{771DDF24-9035-4E8B-8925-8B8FD464AE6C}"
EndProject
Global
	GlobalSection(SolutionConfigurationPlatforms) = preSolution
		Debug|Any CPU = Debug|Any CPU
		Release|Any CPU = Release|Any CPU
	EndGlobalSection
	GlobalSection(ProjectConfigurationPlatforms) = postSolution
		{771DDF24-9035-4E8B-8925-8B8FD464AE6C}.Debug|Any CPU.ActiveCfg = Debug|Any CPU
		{771DDF24-9035-4E8B-8925-8B8FD464AE6C}.Debug|Any CPU.Build.0 = Debug|Any CPU
		{771DDF24-9035-4E8B-8925-8B8FD464AE6C}.Release|Any CPU.ActiveCfg = Release|Any CPU
		{771DDF24-9035-4E8B-8925-8B8FD464AE6C}.Release|Any CPU.Build.0 = Release|Any CPU
	EndGlobalSection
	GlobalSection(SolutionProperties) = preSolution
		HideSolutionNode = FALSE
	EndGlobalSection
	GlobalSection(ExtensibilityGlobals) = postSolution
		SolutionGuid = {9BC4EF13-4420-4133-B1D0-8072FE6E6E98}
	EndGlobalSection
EndGlobal
